
Microsoft Visual Studio Solution File, Format Version 12.00
# Visual Studio 15
VisualStudioVersion = 15.0.27428.2015
MinimumVisualStudioVersion = 10.0.40219.1
Project("{FAE04EC0-301F-11D3-BF4B-00C04F79EFBC}") = "NTFSDeletedFileBrowser", "NTFSDeletedFileBrowser.csproj", "{99F20BB2-C1B0-4A86-BD20-ADF3DFA7620A}"
EndProject
Global
	GlobalSection(SolutionConfigurationPlatforms) = preSolution
		Debug|Any CPU = Debug|Any CPU
		Release|Any CPU = Release|Any CPU
	EndGlobalSection
	GlobalSection(ProjectConfigurationPlatforms) = postSolution
		{99F20BB2-C1B0-4A86-BD20-ADF3DFA7620A}.Debug|Any CPU.ActiveCfg = Debug|Any CPU
		{99F20BB2-C1B0-4A86-BD20-ADF3DFA7620A}.Debug|Any CPU.Build.0 = Debug|Any CPU
		{99F20BB2-C1B0-4A86-BD20-ADF3DFA7620A}.Release|Any CPU.ActiveCfg = Release|Any CPU
		{99F20BB2-C1B0-4A86-BD20-ADF3DFA7620A}.Release|Any CPU.Build.0 = Release|Any CPU
	EndGlobalSection
	GlobalSection(SolutionProperties) = preSolution
		HideSolutionNode = FALSE
	EndGlobalSection
	GlobalSection(ExtensibilityGlobals) = postSolution
		SolutionGuid = {8DA2BAB7-61CF-4CDE-A3F8-D242B5E460C9}
	EndGlobalSection
EndGlobal
